// !$*UTF8*$!
{
	archiveVersion = 1;
	classes = {
	};
	objectVersion = 51;
	objects = {

/* Begin PBXBuildFile section */
		10270426D9FFEB5621A936C2 /* Pods_ChallengeTVUITests.framework in Frameworks */ = {isa = PBXBuildFile; fileRef = 64F45467B2985540222A68E5 /* Pods_ChallengeTVUITests.framework */; };
		8B7281AECDF8D7A65E5041B4 /* Pods_ChallengeTV.framework in Frameworks */ = {isa = PBXBuildFile; fileRef = ED946CC7D24D258713588347 /* Pods_ChallengeTV.framework */; };
		BE0A057922D22A71006CB7F9 /* CellSizeUtil.swift in Sources */ = {isa = PBXBuildFile; fileRef = BE0A057822D22A71006CB7F9 /* CellSizeUtil.swift */; };
		BE0A057B22D38436006CB7F9 /* DetailViewController.swift in Sources */ = {isa = PBXBuildFile; fileRef = BE0A057A22D38436006CB7F9 /* DetailViewController.swift */; };
		BE2A621E22D7B51600532A40 /* cast.json in Resources */ = {isa = PBXBuildFile; fileRef = BE2A621D22D7B51600532A40 /* cast.json */; };
		BE3B3B9022D4B98600480810 /* StringExtensions.swift in Sources */ = {isa = PBXBuildFile; fileRef = BE3B3B8F22D4B98500480810 /* StringExtensions.swift */; };
		BE3B3B9222D4E4F800480810 /* Cast.swift in Sources */ = {isa = PBXBuildFile; fileRef = BE3B3B9122D4E4F700480810 /* Cast.swift */; };
		BE3B3B9422D4E5EC00480810 /* Image.swift in Sources */ = {isa = PBXBuildFile; fileRef = BE3B3B9322D4E5EC00480810 /* Image.swift */; };
		BE447BB122D4F846009F0417 /* CastMemberCellCollectionViewCell.swift in Sources */ = {isa = PBXBuildFile; fileRef = BE447BAF22D4F846009F0417 /* CastMemberCellCollectionViewCell.swift */; };
		BE447BB222D4F846009F0417 /* CastMemberCellCollectionViewCell.xib in Resources */ = {isa = PBXBuildFile; fileRef = BE447BB022D4F846009F0417 /* CastMemberCellCollectionViewCell.xib */; };
		BE88E85A22D69D950076B068 /* Assets.xcassets in Resources */ = {isa = PBXBuildFile; fileRef = BEDC311922D0B6D700FD5CEE /* Assets.xcassets */; };
		BE88E85B22D69D980076B068 /* Assets.xcassets in Resources */ = {isa = PBXBuildFile; fileRef = BEDC311922D0B6D700FD5CEE /* Assets.xcassets */; };
		BEAF015E22D75F7B00D828B2 /* ScheduleList.swift in Sources */ = {isa = PBXBuildFile; fileRef = BEAF015D22D75F7B00D828B2 /* ScheduleList.swift */; };
		BEC5FA4422D768180043FE47 /* MockServer.swift in Sources */ = {isa = PBXBuildFile; fileRef = BEC5FA4322D768180043FE47 /* MockServer.swift */; };
		BEC5FA4822D7686C0043FE47 /* mock_schedule_2019-07-11.json in Resources */ = {isa = PBXBuildFile; fileRef = BEC5FA4722D7686C0043FE47 /* mock_schedule_2019-07-11.json */; };
		BEC5FA4922D7686C0043FE47 /* mock_schedule_2019-07-11.json in Resources */ = {isa = PBXBuildFile; fileRef = BEC5FA4722D7686C0043FE47 /* mock_schedule_2019-07-11.json */; };
		BEC5FA4A22D7686C0043FE47 /* mock_schedule_2019-07-11.json in Resources */ = {isa = PBXBuildFile; fileRef = BEC5FA4722D7686C0043FE47 /* mock_schedule_2019-07-11.json */; };
		BEC5FA5122D76C650043FE47 /* mock_schedule_2019-07-14.json in Resources */ = {isa = PBXBuildFile; fileRef = BEC5FA4B22D76C640043FE47 /* mock_schedule_2019-07-14.json */; };
		BEC5FA5222D76C650043FE47 /* mock_schedule_2019-07-14.json in Resources */ = {isa = PBXBuildFile; fileRef = BEC5FA4B22D76C640043FE47 /* mock_schedule_2019-07-14.json */; };
		BEC5FA5322D76C650043FE47 /* mock_schedule_2019-07-14.json in Resources */ = {isa = PBXBuildFile; fileRef = BEC5FA4B22D76C640043FE47 /* mock_schedule_2019-07-14.json */; };
		BEC5FA5422D76C650043FE47 /* mock_schedule_2019-07-16.json in Resources */ = {isa = PBXBuildFile; fileRef = BEC5FA4C22D76C640043FE47 /* mock_schedule_2019-07-16.json */; };
		BEC5FA5522D76C650043FE47 /* mock_schedule_2019-07-16.json in Resources */ = {isa = PBXBuildFile; fileRef = BEC5FA4C22D76C640043FE47 /* mock_schedule_2019-07-16.json */; };
		BEC5FA5622D76C650043FE47 /* mock_schedule_2019-07-16.json in Resources */ = {isa = PBXBuildFile; fileRef = BEC5FA4C22D76C640043FE47 /* mock_schedule_2019-07-16.json */; };
		BEC5FA5722D76C650043FE47 /* mock_schedule_2019-07-13.json in Resources */ = {isa = PBXBuildFile; fileRef = BEC5FA4D22D76C640043FE47 /* mock_schedule_2019-07-13.json */; };
		BEC5FA5822D76C650043FE47 /* mock_schedule_2019-07-13.json in Resources */ = {isa = PBXBuildFile; fileRef = BEC5FA4D22D76C640043FE47 /* mock_schedule_2019-07-13.json */; };
		BEC5FA5922D76C650043FE47 /* mock_schedule_2019-07-13.json in Resources */ = {isa = PBXBuildFile; fileRef = BEC5FA4D22D76C640043FE47 /* mock_schedule_2019-07-13.json */; };
		BEC5FA5A22D76C650043FE47 /* mock_schedule_2019-07-12.json in Resources */ = {isa = PBXBuildFile; fileRef = BEC5FA4E22D76C650043FE47 /* mock_schedule_2019-07-12.json */; };
		BEC5FA5B22D76C650043FE47 /* mock_schedule_2019-07-12.json in Resources */ = {isa = PBXBuildFile; fileRef = BEC5FA4E22D76C650043FE47 /* mock_schedule_2019-07-12.json */; };
		BEC5FA5C22D76C650043FE47 /* mock_schedule_2019-07-12.json in Resources */ = {isa = PBXBuildFile; fileRef = BEC5FA4E22D76C650043FE47 /* mock_schedule_2019-07-12.json */; };
		BEC5FA5D22D76C650043FE47 /* mock_schedule_2019-07-15.json in Resources */ = {isa = PBXBuildFile; fileRef = BEC5FA4F22D76C650043FE47 /* mock_schedule_2019-07-15.json */; };
		BEC5FA5E22D76C650043FE47 /* mock_schedule_2019-07-15.json in Resources */ = {isa = PBXBuildFile; fileRef = BEC5FA4F22D76C650043FE47 /* mock_schedule_2019-07-15.json */; };
		BEC5FA5F22D76C650043FE47 /* mock_schedule_2019-07-15.json in Resources */ = {isa = PBXBuildFile; fileRef = BEC5FA4F22D76C650043FE47 /* mock_schedule_2019-07-15.json */; };
		BEC5FA6022D76C650043FE47 /* mock_schedule_2019-07-17.json in Resources */ = {isa = PBXBuildFile; fileRef = BEC5FA5022D76C650043FE47 /* mock_schedule_2019-07-17.json */; };
		BEC5FA6122D76C650043FE47 /* mock_schedule_2019-07-17.json in Resources */ = {isa = PBXBuildFile; fileRef = BEC5FA5022D76C650043FE47 /* mock_schedule_2019-07-17.json */; };
		BEC5FA6222D76C650043FE47 /* mock_schedule_2019-07-17.json in Resources */ = {isa = PBXBuildFile; fileRef = BEC5FA5022D76C650043FE47 /* mock_schedule_2019-07-17.json */; };
		BEDC311022D0B6D400FD5CEE /* AppDelegate.swift in Sources */ = {isa = PBXBuildFile; fileRef = BEDC310F22D0B6D400FD5CEE /* AppDelegate.swift */; };
		BEDC311222D0B6D400FD5CEE /* HomeViewController.swift in Sources */ = {isa = PBXBuildFile; fileRef = BEDC311122D0B6D400FD5CEE /* HomeViewController.swift */; };
		BEDC311522D0B6D400FD5CEE /* Main.storyboard in Resources */ = {isa = PBXBuildFile; fileRef = BEDC311322D0B6D400FD5CEE /* Main.storyboard */; };
		BEDC311822D0B6D400FD5CEE /* ChallengeTV.xcdatamodeld in Sources */ = {isa = PBXBuildFile; fileRef = BEDC311622D0B6D400FD5CEE /* ChallengeTV.xcdatamodeld */; };
		BEDC311A22D0B6D700FD5CEE /* Assets.xcassets in Resources */ = {isa = PBXBuildFile; fileRef = BEDC311922D0B6D700FD5CEE /* Assets.xcassets */; };
		BEDC311D22D0B6D700FD5CEE /* LaunchScreen.storyboard in Resources */ = {isa = PBXBuildFile; fileRef = BEDC311B22D0B6D700FD5CEE /* LaunchScreen.storyboard */; };
		BEDC312822D0B6D800FD5CEE /* ChallengeTVTests.swift in Sources */ = {isa = PBXBuildFile; fileRef = BEDC312722D0B6D800FD5CEE /* ChallengeTVTests.swift */; };
		BEDC313322D0B6D800FD5CEE /* ChallengeTVUITests.swift in Sources */ = {isa = PBXBuildFile; fileRef = BEDC313222D0B6D800FD5CEE /* ChallengeTVUITests.swift */; };
		BEDC314322D0C01200FD5CEE /* NetworkCommunication.swift in Sources */ = {isa = PBXBuildFile; fileRef = BEDC314222D0C01200FD5CEE /* NetworkCommunication.swift */; };
		BEDC314522D0C90700FD5CEE /* Schedule.swift in Sources */ = {isa = PBXBuildFile; fileRef = BEDC314422D0C90700FD5CEE /* Schedule.swift */; };
		BEDC314722D0C96300FD5CEE /* TVEvent.swift in Sources */ = {isa = PBXBuildFile; fileRef = BEDC314622D0C96300FD5CEE /* TVEvent.swift */; };
		BEDC314A22D0CD6100FD5CEE /* TVAPI.swift in Sources */ = {isa = PBXBuildFile; fileRef = BEDC314922D0CD6100FD5CEE /* TVAPI.swift */; };
		BEDC314D22D0CEF500FD5CEE /* DateFormatterExtensions.swift in Sources */ = {isa = PBXBuildFile; fileRef = BEDC314C22D0CEF500FD5CEE /* DateFormatterExtensions.swift */; };
		BEDC314F22D0DE0E00FD5CEE /* DateExtensions.swift in Sources */ = {isa = PBXBuildFile; fileRef = BEDC314E22D0DE0E00FD5CEE /* DateExtensions.swift */; };
		BEDC315222D105CE00FD5CEE /* TVService.swift in Sources */ = {isa = PBXBuildFile; fileRef = BEDC315122D105CE00FD5CEE /* TVService.swift */; };
		BEDC315522D106AF00FD5CEE /* ChallengeTVError.swift in Sources */ = {isa = PBXBuildFile; fileRef = BEDC315422D106AF00FD5CEE /* ChallengeTVError.swift */; };
		BEDC315B22D12F2900FD5CEE /* ShowShelfCollectionViewCell.swift in Sources */ = {isa = PBXBuildFile; fileRef = BEDC315922D12F2900FD5CEE /* ShowShelfCollectionViewCell.swift */; };
		BEDC315C22D12F2900FD5CEE /* ShowShelfCollectionViewCell.xib in Resources */ = {isa = PBXBuildFile; fileRef = BEDC315A22D12F2900FD5CEE /* ShowShelfCollectionViewCell.xib */; };
		BEDC315E22D1352200FD5CEE /* ShowShelfSectionHeaderView.swift in Sources */ = {isa = PBXBuildFile; fileRef = BEDC315D22D1352200FD5CEE /* ShowShelfSectionHeaderView.swift */; };
		BEDC316122D16F8700FD5CEE /* ShowCollectionViewCell.swift in Sources */ = {isa = PBXBuildFile; fileRef = BEDC315F22D16F8700FD5CEE /* ShowCollectionViewCell.swift */; };
		BEDC316222D16F8700FD5CEE /* ShowCollectionViewCell.xib in Resources */ = {isa = PBXBuildFile; fileRef = BEDC316022D16F8700FD5CEE /* ShowCollectionViewCell.xib */; };
		F744FDC014C1685D15BD1ED7 /* Pods_ChallengeTVTests.framework in Frameworks */ = {isa = PBXBuildFile; fileRef = A512E13D4889A74B8D322804 /* Pods_ChallengeTVTests.framework */; };
/* End PBXBuildFile section */

/* Begin PBXContainerItemProxy section */
		BEDC312422D0B6D800FD5CEE /* PBXContainerItemProxy */ = {
			isa = PBXContainerItemProxy;
			containerPortal = BEDC310422D0B6D300FD5CEE /* Project object */;
			proxyType = 1;
			remoteGlobalIDString = BEDC310B22D0B6D400FD5CEE;
			remoteInfo = ChallengeTV;
		};
		BEDC312F22D0B6D800FD5CEE /* PBXContainerItemProxy */ = {
			isa = PBXContainerItemProxy;
			containerPortal = BEDC310422D0B6D300FD5CEE /* Project object */;
			proxyType = 1;
			remoteGlobalIDString = BEDC310B22D0B6D400FD5CEE;
			remoteInfo = ChallengeTV;
		};
/* End PBXContainerItemProxy section */

/* Begin PBXFileReference section */
		3A837FC3A7824A8E3768BFC4 /* Pods-ChallengeTV.debug.xcconfig */ = {isa = PBXFileReference; includeInIndex = 1; lastKnownFileType = text.xcconfig; name = "Pods-ChallengeTV.debug.xcconfig"; path = "Target Support Files/Pods-ChallengeTV/Pods-ChallengeTV.debug.xcconfig"; sourceTree = "<group>"; };
		4E0C71ED3ECA5022A7DED6FA /* Pods-ChallengeTVTests.debug.xcconfig */ = {isa = PBXFileReference; includeInIndex = 1; lastKnownFileType = text.xcconfig; name = "Pods-ChallengeTVTests.debug.xcconfig"; path = "Target Support Files/Pods-ChallengeTVTests/Pods-ChallengeTVTests.debug.xcconfig"; sourceTree = "<group>"; };
		556BD1586B6F615608870CD7 /* Pods-ChallengeTV.release.xcconfig */ = {isa = PBXFileReference; includeInIndex = 1; lastKnownFileType = text.xcconfig; name = "Pods-ChallengeTV.release.xcconfig"; path = "Target Support Files/Pods-ChallengeTV/Pods-ChallengeTV.release.xcconfig"; sourceTree = "<group>"; };
		64F45467B2985540222A68E5 /* Pods_ChallengeTVUITests.framework */ = {isa = PBXFileReference; explicitFileType = wrapper.framework; includeInIndex = 0; path = Pods_ChallengeTVUITests.framework; sourceTree = BUILT_PRODUCTS_DIR; };
		7B745A753EEDF3A2AB469CF7 /* Pods-ChallengeTVUITests.release.xcconfig */ = {isa = PBXFileReference; includeInIndex = 1; lastKnownFileType = text.xcconfig; name = "Pods-ChallengeTVUITests.release.xcconfig"; path = "Target Support Files/Pods-ChallengeTVUITests/Pods-ChallengeTVUITests.release.xcconfig"; sourceTree = "<group>"; };
		A512E13D4889A74B8D322804 /* Pods_ChallengeTVTests.framework */ = {isa = PBXFileReference; explicitFileType = wrapper.framework; includeInIndex = 0; path = Pods_ChallengeTVTests.framework; sourceTree = BUILT_PRODUCTS_DIR; };
		A53F3B3BF25C2011995DAEF8 /* Pods-ChallengeTVUITests.debug.xcconfig */ = {isa = PBXFileReference; includeInIndex = 1; lastKnownFileType = text.xcconfig; name = "Pods-ChallengeTVUITests.debug.xcconfig"; path = "Target Support Files/Pods-ChallengeTVUITests/Pods-ChallengeTVUITests.debug.xcconfig"; sourceTree = "<group>"; };
		BE0A057822D22A71006CB7F9 /* CellSizeUtil.swift */ = {isa = PBXFileReference; lastKnownFileType = sourcecode.swift; path = CellSizeUtil.swift; sourceTree = "<group>"; };
		BE0A057A22D38436006CB7F9 /* DetailViewController.swift */ = {isa = PBXFileReference; lastKnownFileType = sourcecode.swift; path = DetailViewController.swift; sourceTree = "<group>"; };
		BE2A621D22D7B51600532A40 /* cast.json */ = {isa = PBXFileReference; fileEncoding = 4; lastKnownFileType = text.json; path = cast.json; sourceTree = "<group>"; };
		BE3B3B8F22D4B98500480810 /* StringExtensions.swift */ = {isa = PBXFileReference; lastKnownFileType = sourcecode.swift; path = StringExtensions.swift; sourceTree = "<group>"; };
		BE3B3B9122D4E4F700480810 /* Cast.swift */ = {isa = PBXFileReference; lastKnownFileType = sourcecode.swift; path = Cast.swift; sourceTree = "<group>"; };
		BE3B3B9322D4E5EC00480810 /* Image.swift */ = {isa = PBXFileReference; lastKnownFileType = sourcecode.swift; path = Image.swift; sourceTree = "<group>"; };
		BE447BAF22D4F846009F0417 /* CastMemberCellCollectionViewCell.swift */ = {isa = PBXFileReference; lastKnownFileType = sourcecode.swift; path = CastMemberCellCollectionViewCell.swift; sourceTree = "<group>"; };
		BE447BB022D4F846009F0417 /* CastMemberCellCollectionViewCell.xib */ = {isa = PBXFileReference; lastKnownFileType = file.xib; path = CastMemberCellCollectionViewCell.xib; sourceTree = "<group>"; };
		BEAF015D22D75F7B00D828B2 /* ScheduleList.swift */ = {isa = PBXFileReference; lastKnownFileType = sourcecode.swift; path = ScheduleList.swift; sourceTree = "<group>"; };
		BEC5FA4322D768180043FE47 /* MockServer.swift */ = {isa = PBXFileReference; lastKnownFileType = sourcecode.swift; path = MockServer.swift; sourceTree = "<group>"; };
		BEC5FA4722D7686C0043FE47 /* mock_schedule_2019-07-11.json */ = {isa = PBXFileReference; fileEncoding = 4; lastKnownFileType = text.json; path = "mock_schedule_2019-07-11.json"; sourceTree = "<group>"; };
		BEC5FA4B22D76C640043FE47 /* mock_schedule_2019-07-14.json */ = {isa = PBXFileReference; fileEncoding = 4; lastKnownFileType = text.json; path = "mock_schedule_2019-07-14.json"; sourceTree = "<group>"; };
		BEC5FA4C22D76C640043FE47 /* mock_schedule_2019-07-16.json */ = {isa = PBXFileReference; fileEncoding = 4; lastKnownFileType = text.json; path = "mock_schedule_2019-07-16.json"; sourceTree = "<group>"; };
		BEC5FA4D22D76C640043FE47 /* mock_schedule_2019-07-13.json */ = {isa = PBXFileReference; fileEncoding = 4; lastKnownFileType = text.json; path = "mock_schedule_2019-07-13.json"; sourceTree = "<group>"; };
		BEC5FA4E22D76C650043FE47 /* mock_schedule_2019-07-12.json */ = {isa = PBXFileReference; fileEncoding = 4; lastKnownFileType = text.json; path = "mock_schedule_2019-07-12.json"; sourceTree = "<group>"; };
		BEC5FA4F22D76C650043FE47 /* mock_schedule_2019-07-15.json */ = {isa = PBXFileReference; fileEncoding = 4; lastKnownFileType = text.json; path = "mock_schedule_2019-07-15.json"; sourceTree = "<group>"; };
		BEC5FA5022D76C650043FE47 /* mock_schedule_2019-07-17.json */ = {isa = PBXFileReference; fileEncoding = 4; lastKnownFileType = text.json; path = "mock_schedule_2019-07-17.json"; sourceTree = "<group>"; };
		BEDC310C22D0B6D400FD5CEE /* ChallengeTV.app */ = {isa = PBXFileReference; explicitFileType = wrapper.application; includeInIndex = 0; path = ChallengeTV.app; sourceTree = BUILT_PRODUCTS_DIR; };
		BEDC310F22D0B6D400FD5CEE /* AppDelegate.swift */ = {isa = PBXFileReference; lastKnownFileType = sourcecode.swift; path = AppDelegate.swift; sourceTree = "<group>"; };
		BEDC311122D0B6D400FD5CEE /* HomeViewController.swift */ = {isa = PBXFileReference; lastKnownFileType = sourcecode.swift; path = HomeViewController.swift; sourceTree = "<group>"; };
		BEDC311422D0B6D400FD5CEE /* Base */ = {isa = PBXFileReference; lastKnownFileType = file.storyboard; name = Base; path = Base.lproj/Main.storyboard; sourceTree = "<group>"; };
		BEDC311722D0B6D400FD5CEE /* ChallengeTV.xcdatamodel */ = {isa = PBXFileReference; lastKnownFileType = wrapper.xcdatamodel; path = ChallengeTV.xcdatamodel; sourceTree = "<group>"; };
		BEDC311922D0B6D700FD5CEE /* Assets.xcassets */ = {isa = PBXFileReference; lastKnownFileType = folder.assetcatalog; path = Assets.xcassets; sourceTree = "<group>"; };
		BEDC311C22D0B6D700FD5CEE /* Base */ = {isa = PBXFileReference; lastKnownFileType = file.storyboard; name = Base; path = Base.lproj/LaunchScreen.storyboard; sourceTree = "<group>"; };
		BEDC311E22D0B6D700FD5CEE /* Info.plist */ = {isa = PBXFileReference; lastKnownFileType = text.plist.xml; path = Info.plist; sourceTree = "<group>"; };
		BEDC312322D0B6D800FD5CEE /* ChallengeTVTests.xctest */ = {isa = PBXFileReference; explicitFileType = wrapper.cfbundle; includeInIndex = 0; path = ChallengeTVTests.xctest; sourceTree = BUILT_PRODUCTS_DIR; };
		BEDC312722D0B6D800FD5CEE /* ChallengeTVTests.swift */ = {isa = PBXFileReference; lastKnownFileType = sourcecode.swift; path = ChallengeTVTests.swift; sourceTree = "<group>"; };
		BEDC312922D0B6D800FD5CEE /* Info.plist */ = {isa = PBXFileReference; lastKnownFileType = text.plist.xml; path = Info.plist; sourceTree = "<group>"; };
		BEDC312E22D0B6D800FD5CEE /* ChallengeTVUITests.xctest */ = {isa = PBXFileReference; explicitFileType = wrapper.cfbundle; includeInIndex = 0; path = ChallengeTVUITests.xctest; sourceTree = BUILT_PRODUCTS_DIR; };
		BEDC313222D0B6D800FD5CEE /* ChallengeTVUITests.swift */ = {isa = PBXFileReference; lastKnownFileType = sourcecode.swift; path = ChallengeTVUITests.swift; sourceTree = "<group>"; };
		BEDC313422D0B6D800FD5CEE /* Info.plist */ = {isa = PBXFileReference; lastKnownFileType = text.plist.xml; path = Info.plist; sourceTree = "<group>"; };
		BEDC314222D0C01200FD5CEE /* NetworkCommunication.swift */ = {isa = PBXFileReference; fileEncoding = 4; lastKnownFileType = sourcecode.swift; path = NetworkCommunication.swift; sourceTree = "<group>"; };
		BEDC314422D0C90700FD5CEE /* Schedule.swift */ = {isa = PBXFileReference; lastKnownFileType = sourcecode.swift; path = Schedule.swift; sourceTree = "<group>"; };
		BEDC314622D0C96300FD5CEE /* TVEvent.swift */ = {isa = PBXFileReference; lastKnownFileType = sourcecode.swift; path = TVEvent.swift; sourceTree = "<group>"; };
		BEDC314922D0CD6100FD5CEE /* TVAPI.swift */ = {isa = PBXFileReference; lastKnownFileType = sourcecode.swift; path = TVAPI.swift; sourceTree = "<group>"; };
		BEDC314C22D0CEF500FD5CEE /* DateFormatterExtensions.swift */ = {isa = PBXFileReference; lastKnownFileType = sourcecode.swift; path = DateFormatterExtensions.swift; sourceTree = "<group>"; };
		BEDC314E22D0DE0E00FD5CEE /* DateExtensions.swift */ = {isa = PBXFileReference; lastKnownFileType = sourcecode.swift; path = DateExtensions.swift; sourceTree = "<group>"; };
		BEDC315122D105CE00FD5CEE /* TVService.swift */ = {isa = PBXFileReference; lastKnownFileType = sourcecode.swift; path = TVService.swift; sourceTree = "<group>"; };
		BEDC315422D106AF00FD5CEE /* ChallengeTVError.swift */ = {isa = PBXFileReference; lastKnownFileType = sourcecode.swift; path = ChallengeTVError.swift; sourceTree = "<group>"; };
		BEDC315922D12F2900FD5CEE /* ShowShelfCollectionViewCell.swift */ = {isa = PBXFileReference; lastKnownFileType = sourcecode.swift; path = ShowShelfCollectionViewCell.swift; sourceTree = "<group>"; };
		BEDC315A22D12F2900FD5CEE /* ShowShelfCollectionViewCell.xib */ = {isa = PBXFileReference; lastKnownFileType = file.xib; path = ShowShelfCollectionViewCell.xib; sourceTree = "<group>"; };
		BEDC315D22D1352200FD5CEE /* ShowShelfSectionHeaderView.swift */ = {isa = PBXFileReference; lastKnownFileType = sourcecode.swift; path = ShowShelfSectionHeaderView.swift; sourceTree = "<group>"; };
		BEDC315F22D16F8700FD5CEE /* ShowCollectionViewCell.swift */ = {isa = PBXFileReference; lastKnownFileType = sourcecode.swift; path = ShowCollectionViewCell.swift; sourceTree = "<group>"; };
		BEDC316022D16F8700FD5CEE /* ShowCollectionViewCell.xib */ = {isa = PBXFileReference; lastKnownFileType = file.xib; path = ShowCollectionViewCell.xib; sourceTree = "<group>"; };
		ED946CC7D24D258713588347 /* Pods_ChallengeTV.framework */ = {isa = PBXFileReference; explicitFileType = wrapper.framework; includeInIndex = 0; path = Pods_ChallengeTV.framework; sourceTree = BUILT_PRODUCTS_DIR; };
		EF10DEB9D752FAC8392430C0 /* Pods-ChallengeTVTests.release.xcconfig */ = {isa = PBXFileReference; includeInIndex = 1; lastKnownFileType = text.xcconfig; name = "Pods-ChallengeTVTests.release.xcconfig"; path = "Target Support Files/Pods-ChallengeTVTests/Pods-ChallengeTVTests.release.xcconfig"; sourceTree = "<group>"; };
/* End PBXFileReference section */

/* Begin PBXFrameworksBuildPhase section */
		BEDC310922D0B6D400FD5CEE /* Frameworks */ = {
			isa = PBXFrameworksBuildPhase;
			buildActionMask = 2147483647;
			files = (
				8B7281AECDF8D7A65E5041B4 /* Pods_ChallengeTV.framework in Frameworks */,
			);
			runOnlyForDeploymentPostprocessing = 0;
		};
		BEDC312022D0B6D800FD5CEE /* Frameworks */ = {
			isa = PBXFrameworksBuildPhase;
			buildActionMask = 2147483647;
			files = (
				F744FDC014C1685D15BD1ED7 /* Pods_ChallengeTVTests.framework in Frameworks */,
			);
			runOnlyForDeploymentPostprocessing = 0;
		};
		BEDC312B22D0B6D800FD5CEE /* Frameworks */ = {
			isa = PBXFrameworksBuildPhase;
			buildActionMask = 2147483647;
			files = (
				10270426D9FFEB5621A936C2 /* Pods_ChallengeTVUITests.framework in Frameworks */,
			);
			runOnlyForDeploymentPostprocessing = 0;
		};
/* End PBXFrameworksBuildPhase section */

/* Begin PBXGroup section */
		1749C840EDE2540A2F0E6A4E /* Pods */ = {
			isa = PBXGroup;
			children = (
				3A837FC3A7824A8E3768BFC4 /* Pods-ChallengeTV.debug.xcconfig */,
				556BD1586B6F615608870CD7 /* Pods-ChallengeTV.release.xcconfig */,
				4E0C71ED3ECA5022A7DED6FA /* Pods-ChallengeTVTests.debug.xcconfig */,
				EF10DEB9D752FAC8392430C0 /* Pods-ChallengeTVTests.release.xcconfig */,
				A53F3B3BF25C2011995DAEF8 /* Pods-ChallengeTVUITests.debug.xcconfig */,
				7B745A753EEDF3A2AB469CF7 /* Pods-ChallengeTVUITests.release.xcconfig */,
			);
			path = Pods;
			sourceTree = "<group>";
		};
		705EE56F1E86D0468D200B18 /* Frameworks */ = {
			isa = PBXGroup;
			children = (
				ED946CC7D24D258713588347 /* Pods_ChallengeTV.framework */,
				A512E13D4889A74B8D322804 /* Pods_ChallengeTVTests.framework */,
				64F45467B2985540222A68E5 /* Pods_ChallengeTVUITests.framework */,
			);
			name = Frameworks;
			sourceTree = "<group>";
		};
		BE0A057C22D3867C006CB7F9 /* DetailsViewController */ = {
			isa = PBXGroup;
			children = (
				BE0A057A22D38436006CB7F9 /* DetailViewController.swift */,
			);
			path = DetailsViewController;
			sourceTree = "<group>";
		};
		BEAF016022D764DB00D828B2 /* MockServer */ = {
			isa = PBXGroup;
			children = (
				BE2A621D22D7B51600532A40 /* cast.json */,
				BEC5FA4E22D76C650043FE47 /* mock_schedule_2019-07-12.json */,
				BEC5FA4D22D76C640043FE47 /* mock_schedule_2019-07-13.json */,
				BEC5FA4B22D76C640043FE47 /* mock_schedule_2019-07-14.json */,
				BEC5FA4F22D76C650043FE47 /* mock_schedule_2019-07-15.json */,
				BEC5FA4C22D76C640043FE47 /* mock_schedule_2019-07-16.json */,
				BEC5FA5022D76C650043FE47 /* mock_schedule_2019-07-17.json */,
				BEC5FA4722D7686C0043FE47 /* mock_schedule_2019-07-11.json */,
				BEC5FA4322D768180043FE47 /* MockServer.swift */,
			);
			path = MockServer;
			sourceTree = "<group>";
		};
		BEDC310322D0B6D300FD5CEE = {
			isa = PBXGroup;
			children = (
				BEDC310E22D0B6D400FD5CEE /* ChallengeTV */,
				BEDC312622D0B6D800FD5CEE /* ChallengeTVTests */,
				BEDC313122D0B6D800FD5CEE /* ChallengeTVUITests */,
				BEDC310D22D0B6D400FD5CEE /* Products */,
				1749C840EDE2540A2F0E6A4E /* Pods */,
				705EE56F1E86D0468D200B18 /* Frameworks */,
			);
			sourceTree = "<group>";
		};
		BEDC310D22D0B6D400FD5CEE /* Products */ = {
			isa = PBXGroup;
			children = (
				BEDC310C22D0B6D400FD5CEE /* ChallengeTV.app */,
				BEDC312322D0B6D800FD5CEE /* ChallengeTVTests.xctest */,
				BEDC312E22D0B6D800FD5CEE /* ChallengeTVUITests.xctest */,
			);
			name = Products;
			sourceTree = "<group>";
		};
		BEDC310E22D0B6D400FD5CEE /* ChallengeTV */ = {
			isa = PBXGroup;
			children = (
				BEDC315322D1069100FD5CEE /* Error */,
				BEDC314B22D0CED900FD5CEE /* Utilities */,
				BEDC314122D0BFBB00FD5CEE /* NetworkCommunication */,
				BEDC314022D0BF2900FD5CEE /* Model */,
				BEDC314822D0CD3C00FD5CEE /* API */,
				BEDC315022D1059B00FD5CEE /* Service */,
				BEDC315622D12E7C00FD5CEE /* UI */,
				BEDC310F22D0B6D400FD5CEE /* AppDelegate.swift */,
				BEDC311922D0B6D700FD5CEE /* Assets.xcassets */,
				BEDC311B22D0B6D700FD5CEE /* LaunchScreen.storyboard */,
				BEDC311E22D0B6D700FD5CEE /* Info.plist */,
				BEDC311622D0B6D400FD5CEE /* ChallengeTV.xcdatamodeld */,
			);
			path = ChallengeTV;
			sourceTree = "<group>";
		};
		BEDC312622D0B6D800FD5CEE /* ChallengeTVTests */ = {
			isa = PBXGroup;
			children = (
				BEDC312722D0B6D800FD5CEE /* ChallengeTVTests.swift */,
				BEDC312922D0B6D800FD5CEE /* Info.plist */,
			);
			path = ChallengeTVTests;
			sourceTree = "<group>";
		};
		BEDC313122D0B6D800FD5CEE /* ChallengeTVUITests */ = {
			isa = PBXGroup;
			children = (
				BEDC313222D0B6D800FD5CEE /* ChallengeTVUITests.swift */,
				BEDC313422D0B6D800FD5CEE /* Info.plist */,
			);
			path = ChallengeTVUITests;
			sourceTree = "<group>";
		};
		BEDC314022D0BF2900FD5CEE /* Model */ = {
			isa = PBXGroup;
			children = (
				BEDC314422D0C90700FD5CEE /* Schedule.swift */,
				BEDC314622D0C96300FD5CEE /* TVEvent.swift */,
				BE3B3B9122D4E4F700480810 /* Cast.swift */,
				BE3B3B9322D4E5EC00480810 /* Image.swift */,
			);
			path = Model;
			sourceTree = "<group>";
		};
		BEDC314122D0BFBB00FD5CEE /* NetworkCommunication */ = {
			isa = PBXGroup;
			children = (
				BEDC314222D0C01200FD5CEE /* NetworkCommunication.swift */,
			);
			path = NetworkCommunication;
			sourceTree = "<group>";
		};
		BEDC314822D0CD3C00FD5CEE /* API */ = {
			isa = PBXGroup;
			children = (
				BEAF016022D764DB00D828B2 /* MockServer */,
				BEDC314922D0CD6100FD5CEE /* TVAPI.swift */,
			);
			path = API;
			sourceTree = "<group>";
		};
		BEDC314B22D0CED900FD5CEE /* Utilities */ = {
			isa = PBXGroup;
			children = (
				BEDC314C22D0CEF500FD5CEE /* DateFormatterExtensions.swift */,
				BEDC314E22D0DE0E00FD5CEE /* DateExtensions.swift */,
				BE3B3B8F22D4B98500480810 /* StringExtensions.swift */,
			);
			path = Utilities;
			sourceTree = "<group>";
		};
		BEDC315022D1059B00FD5CEE /* Service */ = {
			isa = PBXGroup;
			children = (
				BEDC315122D105CE00FD5CEE /* TVService.swift */,
				BEAF015D22D75F7B00D828B2 /* ScheduleList.swift */,
			);
			path = Service;
			sourceTree = "<group>";
		};
		BEDC315322D1069100FD5CEE /* Error */ = {
			isa = PBXGroup;
			children = (
				BEDC315422D106AF00FD5CEE /* ChallengeTVError.swift */,
			);
			path = Error;
			sourceTree = "<group>";
		};
		BEDC315622D12E7C00FD5CEE /* UI */ = {
			isa = PBXGroup;
			children = (
				BE0A057C22D3867C006CB7F9 /* DetailsViewController */,
				BEFEEEE722D22A0000668C22 /* SizingUtils */,
				BEDC315822D12EEB00FD5CEE /* Views */,
				BEDC315722D12EB800FD5CEE /* HomeViewController */,
				BEDC311322D0B6D400FD5CEE /* Main.storyboard */,
			);
			path = UI;
			sourceTree = "<group>";
		};
		BEDC315722D12EB800FD5CEE /* HomeViewController */ = {
			isa = PBXGroup;
			children = (
				BEDC311122D0B6D400FD5CEE /* HomeViewController.swift */,
			);
			path = HomeViewController;
			sourceTree = "<group>";
		};
		BEDC315822D12EEB00FD5CEE /* Views */ = {
			isa = PBXGroup;
			children = (
				BEDC315922D12F2900FD5CEE /* ShowShelfCollectionViewCell.swift */,
				BEDC315A22D12F2900FD5CEE /* ShowShelfCollectionViewCell.xib */,
				BEDC315D22D1352200FD5CEE /* ShowShelfSectionHeaderView.swift */,
				BEDC315F22D16F8700FD5CEE /* ShowCollectionViewCell.swift */,
				BEDC316022D16F8700FD5CEE /* ShowCollectionViewCell.xib */,
				BE447BAF22D4F846009F0417 /* CastMemberCellCollectionViewCell.swift */,
				BE447BB022D4F846009F0417 /* CastMemberCellCollectionViewCell.xib */,
			);
			path = Views;
			sourceTree = "<group>";
		};
		BEFEEEE722D22A0000668C22 /* SizingUtils */ = {
			isa = PBXGroup;
			children = (
				BE0A057822D22A71006CB7F9 /* CellSizeUtil.swift */,
			);
			path = SizingUtils;
			sourceTree = "<group>";
		};
/* End PBXGroup section */

/* Begin PBXNativeTarget section */
		BEDC310B22D0B6D400FD5CEE /* ChallengeTV */ = {
			isa = PBXNativeTarget;
			buildConfigurationList = BEDC313722D0B6D800FD5CEE /* Build configuration list for PBXNativeTarget "ChallengeTV" */;
			buildPhases = (
				FA5B46B39E59105AB2E12809 /* [CP] Check Pods Manifest.lock */,
				BEDC310822D0B6D400FD5CEE /* Sources */,
				BEDC310922D0B6D400FD5CEE /* Frameworks */,
				BEDC310A22D0B6D400FD5CEE /* Resources */,
				FE3581138CDDEAFEDFDABAA0 /* [CP] Embed Pods Frameworks */,
			);
			buildRules = (
			);
			dependencies = (
			);
			name = ChallengeTV;
			productName = ChallengeTV;
			productReference = BEDC310C22D0B6D400FD5CEE /* ChallengeTV.app */;
			productType = "com.apple.product-type.application";
		};
		BEDC312222D0B6D800FD5CEE /* ChallengeTVTests */ = {
			isa = PBXNativeTarget;
			buildConfigurationList = BEDC313A22D0B6D800FD5CEE /* Build configuration list for PBXNativeTarget "ChallengeTVTests" */;
			buildPhases = (
				0AC946F4B4916F9AFBA69B4A /* [CP] Check Pods Manifest.lock */,
				BEDC311F22D0B6D800FD5CEE /* Sources */,
				BEDC312022D0B6D800FD5CEE /* Frameworks */,
				BEDC312122D0B6D800FD5CEE /* Resources */,
				7324166B12B58C1B8FE7B979 /* [CP] Embed Pods Frameworks */,
			);
			buildRules = (
			);
			dependencies = (
				BEDC312522D0B6D800FD5CEE /* PBXTargetDependency */,
			);
			name = ChallengeTVTests;
			productName = ChallengeTVTests;
			productReference = BEDC312322D0B6D800FD5CEE /* ChallengeTVTests.xctest */;
			productType = "com.apple.product-type.bundle.unit-test";
		};
		BEDC312D22D0B6D800FD5CEE /* ChallengeTVUITests */ = {
			isa = PBXNativeTarget;
			buildConfigurationList = BEDC313D22D0B6D800FD5CEE /* Build configuration list for PBXNativeTarget "ChallengeTVUITests" */;
			buildPhases = (
				B3D16B7556415F0FC10B184D /* [CP] Check Pods Manifest.lock */,
				BEDC312A22D0B6D800FD5CEE /* Sources */,
				BEDC312B22D0B6D800FD5CEE /* Frameworks */,
				BEDC312C22D0B6D800FD5CEE /* Resources */,
				C534F5FC7E7AE9A144E32D09 /* [CP] Embed Pods Frameworks */,
			);
			buildRules = (
			);
			dependencies = (
				BEDC313022D0B6D800FD5CEE /* PBXTargetDependency */,
			);
			name = ChallengeTVUITests;
			productName = ChallengeTVUITests;
			productReference = BEDC312E22D0B6D800FD5CEE /* ChallengeTVUITests.xctest */;
			productType = "com.apple.product-type.bundle.ui-testing";
		};
/* End PBXNativeTarget section */

/* Begin PBXProject section */
		BEDC310422D0B6D300FD5CEE /* Project object */ = {
			isa = PBXProject;
			attributes = {
				LastSwiftUpdateCheck = 1020;
				LastUpgradeCheck = 1020;
				ORGANIZATIONNAME = "Mark Volpe";
				TargetAttributes = {
					BEDC310B22D0B6D400FD5CEE = {
						CreatedOnToolsVersion = 10.2.1;
					};
					BEDC312222D0B6D800FD5CEE = {
						CreatedOnToolsVersion = 10.2.1;
						TestTargetID = BEDC310B22D0B6D400FD5CEE;
					};
					BEDC312D22D0B6D800FD5CEE = {
						CreatedOnToolsVersion = 10.2.1;
						TestTargetID = BEDC310B22D0B6D400FD5CEE;
					};
				};
			};
			buildConfigurationList = BEDC310722D0B6D300FD5CEE /* Build configuration list for PBXProject "ChallengeTV" */;
			compatibilityVersion = "Xcode 9.3";
			developmentRegion = en;
			hasScannedForEncodings = 0;
			knownRegions = (
				en,
				Base,
			);
			mainGroup = BEDC310322D0B6D300FD5CEE;
			productRefGroup = BEDC310D22D0B6D400FD5CEE /* Products */;
			projectDirPath = "";
			projectRoot = "";
			targets = (
				BEDC310B22D0B6D400FD5CEE /* ChallengeTV */,
				BEDC312222D0B6D800FD5CEE /* ChallengeTVTests */,
				BEDC312D22D0B6D800FD5CEE /* ChallengeTVUITests */,
			);
		};
/* End PBXProject section */

/* Begin PBXResourcesBuildPhase section */
		BEDC310A22D0B6D400FD5CEE /* Resources */ = {
			isa = PBXResourcesBuildPhase;
			buildActionMask = 2147483647;
			files = (
				BEC5FA5422D76C650043FE47 /* mock_schedule_2019-07-16.json in Resources */,
				BEC5FA5D22D76C650043FE47 /* mock_schedule_2019-07-15.json in Resources */,
				BEDC311D22D0B6D700FD5CEE /* LaunchScreen.storyboard in Resources */,
				BEDC311A22D0B6D700FD5CEE /* Assets.xcassets in Resources */,
				BEC5FA5722D76C650043FE47 /* mock_schedule_2019-07-13.json in Resources */,
				BEDC316222D16F8700FD5CEE /* ShowCollectionViewCell.xib in Resources */,
				BE2A621E22D7B51600532A40 /* cast.json in Resources */,
				BE447BB222D4F846009F0417 /* CastMemberCellCollectionViewCell.xib in Resources */,
				BEC5FA5122D76C650043FE47 /* mock_schedule_2019-07-14.json in Resources */,
				BEC5FA6022D76C650043FE47 /* mock_schedule_2019-07-17.json in Resources */,
				BEDC315C22D12F2900FD5CEE /* ShowShelfCollectionViewCell.xib in Resources */,
				BEC5FA4822D7686C0043FE47 /* mock_schedule_2019-07-11.json in Resources */,
				BEDC311522D0B6D400FD5CEE /* Main.storyboard in Resources */,
				BEC5FA5A22D76C650043FE47 /* mock_schedule_2019-07-12.json in Resources */,
			);
			runOnlyForDeploymentPostprocessing = 0;
		};
		BEDC312122D0B6D800FD5CEE /* Resources */ = {
			isa = PBXResourcesBuildPhase;
			buildActionMask = 2147483647;
			files = (
				BE88E85B22D69D980076B068 /* Assets.xcassets in Resources */,
				BEC5FA5222D76C650043FE47 /* mock_schedule_2019-07-14.json in Resources */,
				BEC5FA5B22D76C650043FE47 /* mock_schedule_2019-07-12.json in Resources */,
				BEC5FA5522D76C650043FE47 /* mock_schedule_2019-07-16.json in Resources */,
				BEC5FA5E22D76C650043FE47 /* mock_schedule_2019-07-15.json in Resources */,
				BEC5FA5822D76C650043FE47 /* mock_schedule_2019-07-13.json in Resources */,
				BEC5FA4922D7686C0043FE47 /* mock_schedule_2019-07-11.json in Resources */,
				BEC5FA6122D76C650043FE47 /* mock_schedule_2019-07-17.json in Resources */,
			);
			runOnlyForDeploymentPostprocessing = 0;
		};
		BEDC312C22D0B6D800FD5CEE /* Resources */ = {
			isa = PBXResourcesBuildPhase;
			buildActionMask = 2147483647;
			files = (
				BE88E85A22D69D950076B068 /* Assets.xcassets in Resources */,
				BEC5FA5322D76C650043FE47 /* mock_schedule_2019-07-14.json in Resources */,
				BEC5FA5C22D76C650043FE47 /* mock_schedule_2019-07-12.json in Resources */,
				BEC5FA5622D76C650043FE47 /* mock_schedule_2019-07-16.json in Resources */,
				BEC5FA5F22D76C650043FE47 /* mock_schedule_2019-07-15.json in Resources */,
				BEC5FA5922D76C650043FE47 /* mock_schedule_2019-07-13.json in Resources */,
				BEC5FA4A22D7686C0043FE47 /* mock_schedule_2019-07-11.json in Resources */,
				BEC5FA6222D76C650043FE47 /* mock_schedule_2019-07-17.json in Resources */,
			);
			runOnlyForDeploymentPostprocessing = 0;
		};
/* End PBXResourcesBuildPhase section */

/* Begin PBXShellScriptBuildPhase section */
		0AC946F4B4916F9AFBA69B4A /* [CP] Check Pods Manifest.lock */ = {
			isa = PBXShellScriptBuildPhase;
			buildActionMask = 2147483647;
			files = (
			);
			inputFileListPaths = (
			);
			inputPaths = (
				"${PODS_PODFILE_DIR_PATH}/Podfile.lock",
				"${PODS_ROOT}/Manifest.lock",
			);
			name = "[CP] Check Pods Manifest.lock";
			outputFileListPaths = (
			);
			outputPaths = (
				"$(DERIVED_FILE_DIR)/Pods-ChallengeTVTests-checkManifestLockResult.txt",
			);
			runOnlyForDeploymentPostprocessing = 0;
			shellPath = /bin/sh;
			shellScript = "diff \"${PODS_PODFILE_DIR_PATH}/Podfile.lock\" \"${PODS_ROOT}/Manifest.lock\" > /dev/null\nif [ $? != 0 ] ; then\n    # print error to STDERR\n    echo \"error: The sandbox is not in sync with the Podfile.lock. Run 'pod install' or update your CocoaPods installation.\" >&2\n    exit 1\nfi\n# This output is used by Xcode 'outputs' to avoid re-running this script phase.\necho \"SUCCESS\" > \"${SCRIPT_OUTPUT_FILE_0}\"\n";
			showEnvVarsInLog = 0;
		};
		7324166B12B58C1B8FE7B979 /* [CP] Embed Pods Frameworks */ = {
			isa = PBXShellScriptBuildPhase;
			buildActionMask = 2147483647;
			files = (
			);
			inputFileListPaths = (
				"${PODS_ROOT}/Target Support Files/Pods-ChallengeTVTests/Pods-ChallengeTVTests-frameworks-${CONFIGURATION}-input-files.xcfilelist",
			);
			name = "[CP] Embed Pods Frameworks";
			outputFileListPaths = (
				"${PODS_ROOT}/Target Support Files/Pods-ChallengeTVTests/Pods-ChallengeTVTests-frameworks-${CONFIGURATION}-output-files.xcfilelist",
			);
			runOnlyForDeploymentPostprocessing = 0;
			shellPath = /bin/sh;
			shellScript = "\"${PODS_ROOT}/Target Support Files/Pods-ChallengeTVTests/Pods-ChallengeTVTests-frameworks.sh\"\n";
			showEnvVarsInLog = 0;
		};
		B3D16B7556415F0FC10B184D /* [CP] Check Pods Manifest.lock */ = {
			isa = PBXShellScriptBuildPhase;
			buildActionMask = 2147483647;
			files = (
			);
			inputFileListPaths = (
			);
			inputPaths = (
				"${PODS_PODFILE_DIR_PATH}/Podfile.lock",
				"${PODS_ROOT}/Manifest.lock",
			);
			name = "[CP] Check Pods Manifest.lock";
			outputFileListPaths = (
			);
			outputPaths = (
				"$(DERIVED_FILE_DIR)/Pods-ChallengeTVUITests-checkManifestLockResult.txt",
			);
			runOnlyForDeploymentPostprocessing = 0;
			shellPath = /bin/sh;
			shellScript = "diff \"${PODS_PODFILE_DIR_PATH}/Podfile.lock\" \"${PODS_ROOT}/Manifest.lock\" > /dev/null\nif [ $? != 0 ] ; then\n    # print error to STDERR\n    echo \"error: The sandbox is not in sync with the Podfile.lock. Run 'pod install' or update your CocoaPods installation.\" >&2\n    exit 1\nfi\n# This output is used by Xcode 'outputs' to avoid re-running this script phase.\necho \"SUCCESS\" > \"${SCRIPT_OUTPUT_FILE_0}\"\n";
			showEnvVarsInLog = 0;
		};
		C534F5FC7E7AE9A144E32D09 /* [CP] Embed Pods Frameworks */ = {
			isa = PBXShellScriptBuildPhase;
			buildActionMask = 2147483647;
			files = (
			);
			inputFileListPaths = (
				"${PODS_ROOT}/Target Support Files/Pods-ChallengeTVUITests/Pods-ChallengeTVUITests-frameworks-${CONFIGURATION}-input-files.xcfilelist",
			);
			name = "[CP] Embed Pods Frameworks";
			outputFileListPaths = (
				"${PODS_ROOT}/Target Support Files/Pods-ChallengeTVUITests/Pods-ChallengeTVUITests-frameworks-${CONFIGURATION}-output-files.xcfilelist",
			);
			runOnlyForDeploymentPostprocessing = 0;
			shellPath = /bin/sh;
			shellScript = "\"${PODS_ROOT}/Target Support Files/Pods-ChallengeTVUITests/Pods-ChallengeTVUITests-frameworks.sh\"\n";
			showEnvVarsInLog = 0;
		};
		FA5B46B39E59105AB2E12809 /* [CP] Check Pods Manifest.lock */ = {
			isa = PBXShellScriptBuildPhase;
			buildActionMask = 2147483647;
			files = (
			);
			inputFileListPaths = (
			);
			inputPaths = (
				"${PODS_PODFILE_DIR_PATH}/Podfile.lock",
				"${PODS_ROOT}/Manifest.lock",
			);
			name = "[CP] Check Pods Manifest.lock";
			outputFileListPaths = (
			);
			outputPaths = (
				"$(DERIVED_FILE_DIR)/Pods-ChallengeTV-checkManifestLockResult.txt",
			);
			runOnlyForDeploymentPostprocessing = 0;
			shellPath = /bin/sh;
			shellScript = "diff \"${PODS_PODFILE_DIR_PATH}/Podfile.lock\" \"${PODS_ROOT}/Manifest.lock\" > /dev/null\nif [ $? != 0 ] ; then\n    # print error to STDERR\n    echo \"error: The sandbox is not in sync with the Podfile.lock. Run 'pod install' or update your CocoaPods installation.\" >&2\n    exit 1\nfi\n# This output is used by Xcode 'outputs' to avoid re-running this script phase.\necho \"SUCCESS\" > \"${SCRIPT_OUTPUT_FILE_0}\"\n";
			showEnvVarsInLog = 0;
		};
		FE3581138CDDEAFEDFDABAA0 /* [CP] Embed Pods Frameworks */ = {
			isa = PBXShellScriptBuildPhase;
			buildActionMask = 2147483647;
			files = (
			);
			inputFileListPaths = (
				"${PODS_ROOT}/Target Support Files/Pods-ChallengeTV/Pods-ChallengeTV-frameworks-${CONFIGURATION}-input-files.xcfilelist",
			);
			name = "[CP] Embed Pods Frameworks";
			outputFileListPaths = (
				"${PODS_ROOT}/Target Support Files/Pods-ChallengeTV/Pods-ChallengeTV-frameworks-${CONFIGURATION}-output-files.xcfilelist",
			);
			runOnlyForDeploymentPostprocessing = 0;
			shellPath = /bin/sh;
			shellScript = "\"${PODS_ROOT}/Target Support Files/Pods-ChallengeTV/Pods-ChallengeTV-frameworks.sh\"\n";
			showEnvVarsInLog = 0;
		};
/* End PBXShellScriptBuildPhase section */

/* Begin PBXSourcesBuildPhase section */
		BEDC310822D0B6D400FD5CEE /* Sources */ = {
			isa = PBXSourcesBuildPhase;
			buildActionMask = 2147483647;
			files = (
				BEDC311222D0B6D400FD5CEE /* HomeViewController.swift in Sources */,
				BEAF015E22D75F7B00D828B2 /* ScheduleList.swift in Sources */,
				BEDC316122D16F8700FD5CEE /* ShowCollectionViewCell.swift in Sources */,
				BEDC315E22D1352200FD5CEE /* ShowShelfSectionHeaderView.swift in Sources */,
				BEDC314322D0C01200FD5CEE /* NetworkCommunication.swift in Sources */,
				BEDC314D22D0CEF500FD5CEE /* DateFormatterExtensions.swift in Sources */,
				BEDC311822D0B6D400FD5CEE /* ChallengeTV.xcdatamodeld in Sources */,
				BEDC314A22D0CD6100FD5CEE /* TVAPI.swift in Sources */,
				BE0A057B22D38436006CB7F9 /* DetailViewController.swift in Sources */,
				BEDC314F22D0DE0E00FD5CEE /* DateExtensions.swift in Sources */,
				BEDC315B22D12F2900FD5CEE /* ShowShelfCollectionViewCell.swift in Sources */,
				BE3B3B9222D4E4F800480810 /* Cast.swift in Sources */,
				BE447BB122D4F846009F0417 /* CastMemberCellCollectionViewCell.swift in Sources */,
				BE0A057922D22A71006CB7F9 /* CellSizeUtil.swift in Sources */,
				BEDC315222D105CE00FD5CEE /* TVService.swift in Sources */,
				BE3B3B9422D4E5EC00480810 /* Image.swift in Sources */,
				BEC5FA4422D768180043FE47 /* MockServer.swift in Sources */,
				BEDC314522D0C90700FD5CEE /* Schedule.swift in Sources */,
				BEDC315522D106AF00FD5CEE /* ChallengeTVError.swift in Sources */,
				BEDC314722D0C96300FD5CEE /* TVEvent.swift in Sources */,
				BEDC311022D0B6D400FD5CEE /* AppDelegate.swift in Sources */,
				BE3B3B9022D4B98600480810 /* StringExtensions.swift in Sources */,
			);
			runOnlyForDeploymentPostprocessing = 0;
		};
		BEDC311F22D0B6D800FD5CEE /* Sources */ = {
			isa = PBXSourcesBuildPhase;
			buildActionMask = 2147483647;
			files = (
				BEDC312822D0B6D800FD5CEE /* ChallengeTVTests.swift in Sources */,
			);
			runOnlyForDeploymentPostprocessing = 0;
		};
		BEDC312A22D0B6D800FD5CEE /* Sources */ = {
			isa = PBXSourcesBuildPhase;
			buildActionMask = 2147483647;
			files = (
				BEDC313322D0B6D800FD5CEE /* ChallengeTVUITests.swift in Sources */,
			);
			runOnlyForDeploymentPostprocessing = 0;
		};
/* End PBXSourcesBuildPhase section */

/* Begin PBXTargetDependency section */
		BEDC312522D0B6D800FD5CEE /* PBXTargetDependency */ = {
			isa = PBXTargetDependency;
			target = BEDC310B22D0B6D400FD5CEE /* ChallengeTV */;
			targetProxy = BEDC312422D0B6D800FD5CEE /* PBXContainerItemProxy */;
		};
		BEDC313022D0B6D800FD5CEE /* PBXTargetDependency */ = {
			isa = PBXTargetDependency;
			target = BEDC310B22D0B6D400FD5CEE /* ChallengeTV */;
			targetProxy = BEDC312F22D0B6D800FD5CEE /* PBXContainerItemProxy */;
		};
/* End PBXTargetDependency section */

/* Begin PBXVariantGroup section */
		BEDC311322D0B6D400FD5CEE /* Main.storyboard */ = {
			isa = PBXVariantGroup;
			children = (
				BEDC311422D0B6D400FD5CEE /* Base */,
			);
			name = Main.storyboard;
			sourceTree = "<group>";
		};
		BEDC311B22D0B6D700FD5CEE /* LaunchScreen.storyboard */ = {
			isa = PBXVariantGroup;
			children = (
				BEDC311C22D0B6D700FD5CEE /* Base */,
			);
			name = LaunchScreen.storyboard;
			sourceTree = "<group>";
		};
/* End PBXVariantGroup section */

/* Begin XCBuildConfiguration section */
		BEDC313522D0B6D800FD5CEE /* Debug */ = {
			isa = XCBuildConfiguration;
			buildSettings = {
				ALWAYS_SEARCH_USER_PATHS = NO;
				CLANG_ANALYZER_NONNULL = YES;
				CLANG_ANALYZER_NUMBER_OBJECT_CONVERSION = YES_AGGRESSIVE;
				CLANG_CXX_LANGUAGE_STANDARD = "gnu++14";
				CLANG_CXX_LIBRARY = "libc++";
				CLANG_ENABLE_MODULES = YES;
				CLANG_ENABLE_OBJC_ARC = YES;
				CLANG_ENABLE_OBJC_WEAK = YES;
				CLANG_WARN_BLOCK_CAPTURE_AUTORELEASING = YES;
				CLANG_WARN_BOOL_CONVERSION = YES;
				CLANG_WARN_COMMA = YES;
				CLANG_WARN_CONSTANT_CONVERSION = YES;
				CLANG_WARN_DEPRECATED_OBJC_IMPLEMENTATIONS = YES;
				CLANG_WARN_DIRECT_OBJC_ISA_USAGE = YES_ERROR;
				CLANG_WARN_DOCUMENTATION_COMMENTS = YES;
				CLANG_WARN_EMPTY_BODY = YES;
				CLANG_WARN_ENUM_CONVERSION = YES;
				CLANG_WARN_INFINITE_RECURSION = YES;
				CLANG_WARN_INT_CONVERSION = YES;
				CLANG_WARN_NON_LITERAL_NULL_CONVERSION = YES;
				CLANG_WARN_OBJC_IMPLICIT_RETAIN_SELF = YES;
				CLANG_WARN_OBJC_LITERAL_CONVERSION = YES;
				CLANG_WARN_OBJC_ROOT_CLASS = YES_ERROR;
				CLANG_WARN_RANGE_LOOP_ANALYSIS = YES;
				CLANG_WARN_STRICT_PROTOTYPES = YES;
				CLANG_WARN_SUSPICIOUS_MOVE = YES;
				CLANG_WARN_UNGUARDED_AVAILABILITY = YES_AGGRESSIVE;
				CLANG_WARN_UNREACHABLE_CODE = YES;
				CLANG_WARN__DUPLICATE_METHOD_MATCH = YES;
				CODE_SIGN_IDENTITY = "iPhone Developer";
				COPY_PHASE_STRIP = NO;
				DEBUG_INFORMATION_FORMAT = dwarf;
				ENABLE_STRICT_OBJC_MSGSEND = YES;
				ENABLE_TESTABILITY = YES;
				GCC_C_LANGUAGE_STANDARD = gnu11;
				GCC_DYNAMIC_NO_PIC = NO;
				GCC_NO_COMMON_BLOCKS = YES;
				GCC_OPTIMIZATION_LEVEL = 0;
				GCC_PREPROCESSOR_DEFINITIONS = (
					"DEBUG=1",
					"$(inherited)",
				);
				GCC_WARN_64_TO_32_BIT_CONVERSION = YES;
				GCC_WARN_ABOUT_RETURN_TYPE = YES_ERROR;
				GCC_WARN_UNDECLARED_SELECTOR = YES;
				GCC_WARN_UNINITIALIZED_AUTOS = YES_AGGRESSIVE;
				GCC_WARN_UNUSED_FUNCTION = YES;
				GCC_WARN_UNUSED_VARIABLE = YES;
				IPHONEOS_DEPLOYMENT_TARGET = 12.2;
				MTL_ENABLE_DEBUG_INFO = INCLUDE_SOURCE;
				MTL_FAST_MATH = YES;
				ONLY_ACTIVE_ARCH = YES;
				SDKROOT = iphoneos;
				SWIFT_ACTIVE_COMPILATION_CONDITIONS = DEBUG;
				SWIFT_OPTIMIZATION_LEVEL = "-Onone";
			};
			name = Debug;
		};
		BEDC313622D0B6D800FD5CEE /* Release */ = {
			isa = XCBuildConfiguration;
			buildSettings = {
				ALWAYS_SEARCH_USER_PATHS = NO;
				CLANG_ANALYZER_NONNULL = YES;
				CLANG_ANALYZER_NUMBER_OBJECT_CONVERSION = YES_AGGRESSIVE;
				CLANG_CXX_LANGUAGE_STANDARD = "gnu++14";
				CLANG_CXX_LIBRARY = "libc++";
				CLANG_ENABLE_MODULES = YES;
				CLANG_ENABLE_OBJC_ARC = YES;
				CLANG_ENABLE_OBJC_WEAK = YES;
				CLANG_WARN_BLOCK_CAPTURE_AUTORELEASING = YES;
				CLANG_WARN_BOOL_CONVERSION = YES;
				CLANG_WARN_COMMA = YES;
				CLANG_WARN_CONSTANT_CONVERSION = YES;
				CLANG_WARN_DEPRECATED_OBJC_IMPLEMENTATIONS = YES;
				CLANG_WARN_DIRECT_OBJC_ISA_USAGE = YES_ERROR;
				CLANG_WARN_DOCUMENTATION_COMMENTS = YES;
				CLANG_WARN_EMPTY_BODY = YES;
				CLANG_WARN_ENUM_CONVERSION = YES;
				CLANG_WARN_INFINITE_RECURSION = YES;
				CLANG_WARN_INT_CONVERSION = YES;
				CLANG_WARN_NON_LITERAL_NULL_CONVERSION = YES;
				CLANG_WARN_OBJC_IMPLICIT_RETAIN_SELF = YES;
				CLANG_WARN_OBJC_LITERAL_CONVERSION = YES;
				CLANG_WARN_OBJC_ROOT_CLASS = YES_ERROR;
				CLANG_WARN_RANGE_LOOP_ANALYSIS = YES;
				CLANG_WARN_STRICT_PROTOTYPES = YES;
				CLANG_WARN_SUSPICIOUS_MOVE = YES;
				CLANG_WARN_UNGUARDED_AVAILABILITY = YES_AGGRESSIVE;
				CLANG_WARN_UNREACHABLE_CODE = YES;
				CLANG_WARN__DUPLICATE_METHOD_MATCH = YES;
				CODE_SIGN_IDENTITY = "iPhone Developer";
				COPY_PHASE_STRIP = NO;
				DEBUG_INFORMATION_FORMAT = "dwarf-with-dsym";
				ENABLE_NS_ASSERTIONS = NO;
				ENABLE_STRICT_OBJC_MSGSEND = YES;
				GCC_C_LANGUAGE_STANDARD = gnu11;
				GCC_NO_COMMON_BLOCKS = YES;
				GCC_WARN_64_TO_32_BIT_CONVERSION = YES;
				GCC_WARN_ABOUT_RETURN_TYPE = YES_ERROR;
				GCC_WARN_UNDECLARED_SELECTOR = YES;
				GCC_WARN_UNINITIALIZED_AUTOS = YES_AGGRESSIVE;
				GCC_WARN_UNUSED_FUNCTION = YES;
				GCC_WARN_UNUSED_VARIABLE = YES;
				IPHONEOS_DEPLOYMENT_TARGET = 12.2;
				MTL_ENABLE_DEBUG_INFO = NO;
				MTL_FAST_MATH = YES;
				SDKROOT = iphoneos;
				SWIFT_COMPILATION_MODE = wholemodule;
				SWIFT_OPTIMIZATION_LEVEL = "-O";
				VALIDATE_PRODUCT = YES;
			};
			name = Release;
		};
		BEDC313822D0B6D800FD5CEE /* Debug */ = {
			isa = XCBuildConfiguration;
			baseConfigurationReference = 3A837FC3A7824A8E3768BFC4 /* Pods-ChallengeTV.debug.xcconfig */;
			buildSettings = {
				ASSETCATALOG_COMPILER_APPICON_NAME = AppIcon;
				CODE_SIGN_STYLE = Automatic;
				DEVELOPMENT_TEAM = PC3PM5L5W4;
				INFOPLIST_FILE = ChallengeTV/Info.plist;
				LD_RUNPATH_SEARCH_PATHS = (
					"$(inherited)",
					"@executable_path/Frameworks",
				);
				PRODUCT_BUNDLE_IDENTIFIER = VolpeSoftware.ChallengeTV;
				PRODUCT_NAME = "$(TARGET_NAME)";
				SWIFT_VERSION = 5.0;
				TARGETED_DEVICE_FAMILY = "1,2";
			};
			name = Debug;
		};
		BEDC313922D0B6D800FD5CEE /* Release */ = {
			isa = XCBuildConfiguration;
			baseConfigurationReference = 556BD1586B6F615608870CD7 /* Pods-ChallengeTV.release.xcconfig */;
			buildSettings = {
				ASSETCATALOG_COMPILER_APPICON_NAME = AppIcon;
				CODE_SIGN_STYLE = Automatic;
				DEVELOPMENT_TEAM = PC3PM5L5W4;
				INFOPLIST_FILE = ChallengeTV/Info.plist;
				LD_RUNPATH_SEARCH_PATHS = (
					"$(inherited)",
					"@executable_path/Frameworks",
				);
				PRODUCT_BUNDLE_IDENTIFIER = VolpeSoftware.ChallengeTV;
				PRODUCT_NAME = "$(TARGET_NAME)";
				SWIFT_VERSION = 5.0;
				TARGETED_DEVICE_FAMILY = "1,2";
			};
			name = Release;
		};
		BEDC313B22D0B6D800FD5CEE /* Debug */ = {
			isa = XCBuildConfiguration;
			baseConfigurationReference = 4E0C71ED3ECA5022A7DED6FA /* Pods-ChallengeTVTests.debug.xcconfig */;
			buildSettings = {
				ALWAYS_EMBED_SWIFT_STANDARD_LIBRARIES = YES;
				BUNDLE_LOADER = "$(TEST_HOST)";
				CODE_SIGN_STYLE = Automatic;
				DEVELOPMENT_TEAM = PC3PM5L5W4;
				INFOPLIST_FILE = ChallengeTVTests/Info.plist;
				LD_RUNPATH_SEARCH_PATHS = (
					"$(inherited)",
					"@executable_path/Frameworks",
					"@loader_path/Frameworks",
				);
				PRODUCT_BUNDLE_IDENTIFIER = VolpeSoftware.ChallengeTVTests;
				PRODUCT_NAME = "$(TARGET_NAME)";
				SWIFT_VERSION = 5.0;
				TARGETED_DEVICE_FAMILY = "1,2";
				TEST_HOST = "$(BUILT_PRODUCTS_DIR)/ChallengeTV.app/ChallengeTV";
			};
			name = Debug;
		};
		BEDC313C22D0B6D800FD5CEE /* Release */ = {
			isa = XCBuildConfiguration;
			baseConfigurationReference = EF10DEB9D752FAC8392430C0 /* Pods-ChallengeTVTests.release.xcconfig */;
			buildSettings = {
				ALWAYS_EMBED_SWIFT_STANDARD_LIBRARIES = YES;
				BUNDLE_LOADER = "$(TEST_HOST)";
				CODE_SIGN_STYLE = Automatic;
				DEVELOPMENT_TEAM = PC3PM5L5W4;
				INFOPLIST_FILE = ChallengeTVTests/Info.plist;
				LD_RUNPATH_SEARCH_PATHS = (
					"$(inherited)",
					"@executable_path/Frameworks",
					"@loader_path/Frameworks",
				);
				PRODUCT_BUNDLE_IDENTIFIER = VolpeSoftware.ChallengeTVTests;
				PRODUCT_NAME = "$(TARGET_NAME)";
				SWIFT_VERSION = 5.0;
				TARGETED_DEVICE_FAMILY = "1,2";
				TEST_HOST = "$(BUILT_PRODUCTS_DIR)/ChallengeTV.app/ChallengeTV";
			};
			name = Release;
		};
		BEDC313E22D0B6D800FD5CEE /* Debug */ = {
			isa = XCBuildConfiguration;
			baseConfigurationReference = A53F3B3BF25C2011995DAEF8 /* Pods-ChallengeTVUITests.debug.xcconfig */;
			buildSettings = {
				ALWAYS_EMBED_SWIFT_STANDARD_LIBRARIES = YES;
				CODE_SIGN_STYLE = Automatic;
				DEVELOPMENT_TEAM = PC3PM5L5W4;
				INFOPLIST_FILE = ChallengeTVUITests/Info.plist;
				LD_RUNPATH_SEARCH_PATHS = (
					"$(inherited)",
					"@executable_path/Frameworks",
					"@loader_path/Frameworks",
				);
				PRODUCT_BUNDLE_IDENTIFIER = VolpeSoftware.ChallengeTVUITests;
				PRODUCT_NAME = "$(TARGET_NAME)";
				SWIFT_VERSION = 5.0;
				TARGETED_DEVICE_FAMILY = "1,2";
				TEST_TARGET_NAME = ChallengeTV;
			};
			name = Debug;
		};
		BEDC313F22D0B6D800FD5CEE /* Release */ = {
			isa = XCBuildConfiguration;
			baseConfigurationReference = 7B745A753EEDF3A2AB469CF7 /* Pods-ChallengeTVUITests.release.xcconfig */;
			buildSettings = {
				ALWAYS_EMBED_SWIFT_STANDARD_LIBRARIES = YES;
				CODE_SIGN_STYLE = Automatic;
				DEVELOPMENT_TEAM = PC3PM5L5W4;
				INFOPLIST_FILE = ChallengeTVUITests/Info.plist;
				LD_RUNPATH_SEARCH_PATHS = (
					"$(inherited)",
					"@executable_path/Frameworks",
					"@loader_path/Frameworks",
				);
				PRODUCT_BUNDLE_IDENTIFIER = VolpeSoftware.ChallengeTVUITests;
				PRODUCT_NAME = "$(TARGET_NAME)";
				SWIFT_VERSION = 5.0;
				TARGETED_DEVICE_FAMILY = "1,2";
				TEST_TARGET_NAME = ChallengeTV;
			};
			name = Release;
		};
/* End XCBuildConfiguration section */

/* Begin XCConfigurationList section */
		BEDC310722D0B6D300FD5CEE /* Build configuration list for PBXProject "ChallengeTV" */ = {
			isa = XCConfigurationList;
			buildConfigurations = (
				BEDC313522D0B6D800FD5CEE /* Debug */,
				BEDC313622D0B6D800FD5CEE /* Release */,
			);
			defaultConfigurationIsVisible = 0;
			defaultConfigurationName = Release;
		};
		BEDC313722D0B6D800FD5CEE /* Build configuration list for PBXNativeTarget "ChallengeTV" */ = {
			isa = XCConfigurationList;
			buildConfigurations = (
				BEDC313822D0B6D800FD5CEE /* Debug */,
				BEDC313922D0B6D800FD5CEE /* Release */,
			);
			defaultConfigurationIsVisible = 0;
			defaultConfigurationName = Release;
		};
		BEDC313A22D0B6D800FD5CEE /* Build configuration list for PBXNativeTarget "ChallengeTVTests" */ = {
			isa = XCConfigurationList;
			buildConfigurations = (
				BEDC313B22D0B6D800FD5CEE /* Debug */,
				BEDC313C22D0B6D800FD5CEE /* Release */,
			);
			defaultConfigurationIsVisible = 0;
			defaultConfigurationName = Release;
		};
		BEDC313D22D0B6D800FD5CEE /* Build configuration list for PBXNativeTarget "ChallengeTVUITests" */ = {
			isa = XCConfigurationList;
			buildConfigurations = (
				BEDC313E22D0B6D800FD5CEE /* Debug */,
				BEDC313F22D0B6D800FD5CEE /* Release */,
			);
			defaultConfigurationIsVisible = 0;
			defaultConfigurationName = Release;
		};
/* End XCConfigurationList section */

/* Begin XCVersionGroup section */
		BEDC311622D0B6D400FD5CEE /* ChallengeTV.xcdatamodeld */ = {
			isa = XCVersionGroup;
			children = (
				BEDC311722D0B6D400FD5CEE /* ChallengeTV.xcdatamodel */,
			);
			currentVersion = BEDC311722D0B6D400FD5CEE /* ChallengeTV.xcdatamodel */;
			path = ChallengeTV.xcdatamodeld;
			sourceTree = "<group>";
			versionGroupType = wrapper.xcdatamodel;
		};
/* End XCVersionGroup section */
	};
	rootObject = BEDC310422D0B6D300FD5CEE /* Project object */;
}
